// !$*UTF8*$!
{
	archiveVersion = 1;
	classes = {
	};
	objectVersion = 55;
	objects = {

/* Begin PBXBuildFile section */
		1F7C86902C077E45001BFCBD /* CrptoAppApp.swift in Sources */ = {isa = PBXBuildFile; fileRef = 1F7C868F2C077E45001BFCBD /* CrptoAppApp.swift */; };
		1F7C86972C077E5D001BFCBD /* Preview Assets.xcassets in Resources */ = {isa = PBXBuildFile; fileRef = 1F7C86962C077E5D001BFCBD /* Preview Assets.xcassets */; };
		1F7C86A22C078083001BFCBD /* Assets.xcassets in Resources */ = {isa = PBXBuildFile; fileRef = 1F7C86A12C078083001BFCBD /* Assets.xcassets */; };
		1F7C86AF2C0781DB001BFCBD /* Color.swift in Sources */ = {isa = PBXBuildFile; fileRef = 1F7C86A92C0781DB001BFCBD /* Color.swift */; };
		1FFFFC4A2C08D82400BE791F /* HomeView.swift in Sources */ = {isa = PBXBuildFile; fileRef = 1FFFFC492C08D82400BE791F /* HomeView.swift */; };
		1FFFFC4E2C08DA8100BE791F /* CircleButtonView.swift in Sources */ = {isa = PBXBuildFile; fileRef = 1FFFFC4D2C08DA8100BE791F /* CircleButtonView.swift */; };
		1FFFFC502C08DF3500BE791F /* CircleButtonAnimationView.swift in Sources */ = {isa = PBXBuildFile; fileRef = 1FFFFC4F2C08DF3500BE791F /* CircleButtonAnimationView.swift */; };
/* End PBXBuildFile section */

/* Begin PBXFileReference section */
		1F7C868C2C077E45001BFCBD /* Crpto.app */ = {isa = PBXFileReference; explicitFileType = wrapper.application; includeInIndex = 0; path = Crpto.app; sourceTree = BUILT_PRODUCTS_DIR; };
		1F7C868F2C077E45001BFCBD /* CrptoAppApp.swift */ = {isa = PBXFileReference; lastKnownFileType = sourcecode.swift; path = CrptoAppApp.swift; sourceTree = "<group>"; };
		1F7C86962C077E5D001BFCBD /* Preview Assets.xcassets */ = {isa = PBXFileReference; lastKnownFileType = folder.assetcatalog; path = "Preview Assets.xcassets"; sourceTree = "<group>"; };
		1F7C86A12C078083001BFCBD /* Assets.xcassets */ = {isa = PBXFileReference; lastKnownFileType = folder.assetcatalog; path = Assets.xcassets; sourceTree = "<group>"; };
		1F7C86A92C0781DB001BFCBD /* Color.swift */ = {isa = PBXFileReference; fileEncoding = 4; lastKnownFileType = sourcecode.swift; path = Color.swift; sourceTree = "<group>"; };
		1FFFFC492C08D82400BE791F /* HomeView.swift */ = {isa = PBXFileReference; lastKnownFileType = sourcecode.swift; path = HomeView.swift; sourceTree = "<group>"; };
		1FFFFC4D2C08DA8100BE791F /* CircleButtonView.swift */ = {isa = PBXFileReference; lastKnownFileType = sourcecode.swift; path = CircleButtonView.swift; sourceTree = "<group>"; };
		1FFFFC4F2C08DF3500BE791F /* CircleButtonAnimationView.swift */ = {isa = PBXFileReference; lastKnownFileType = sourcecode.swift; path = CircleButtonAnimationView.swift; sourceTree = "<group>"; };
/* End PBXFileReference section */

/* Begin PBXFrameworksBuildPhase section */
		1F7C86892C077E45001BFCBD /* Frameworks */ = {
			isa = PBXFrameworksBuildPhase;
			buildActionMask = 2147483647;
			files = (
			);
			runOnlyForDeploymentPostprocessing = 0;
		};
/* End PBXFrameworksBuildPhase section */

/* Begin PBXGroup section */
		1F7C86832C077E45001BFCBD = {
			isa = PBXGroup;
			children = (
				1F7C868E2C077E45001BFCBD /* CrptoApp */,
				1F7C868D2C077E45001BFCBD /* Products */,
			);
			sourceTree = "<group>";
		};
		1F7C868D2C077E45001BFCBD /* Products */ = {
			isa = PBXGroup;
			children = (
				1F7C868C2C077E45001BFCBD /* Crpto.app */,
			);
			name = Products;
			sourceTree = "<group>";
		};
		1F7C868E2C077E45001BFCBD /* CrptoApp */ = {
			isa = PBXGroup;
			children = (
				1F7C868F2C077E45001BFCBD /* CrptoAppApp.swift */,
				1F7C86A32C0781DB001BFCBD /* Extensions */,
				1FFFFC452C08D7C500BE791F /* Core */,
				1F7C869D2C077EA3001BFCBD /* Assets */,
				1F7C86952C077E5D001BFCBD /* Preview Content */,
			);
			path = CrptoApp;
			sourceTree = "<group>";
		};
		1F7C86952C077E5D001BFCBD /* Preview Content */ = {
			isa = PBXGroup;
			children = (
				1F7C86962C077E5D001BFCBD /* Preview Assets.xcassets */,
			);
			path = "Preview Content";
			sourceTree = "<group>";
		};
		1F7C869D2C077EA3001BFCBD /* Assets */ = {
			isa = PBXGroup;
			children = (
				1F7C86A12C078083001BFCBD /* Assets.xcassets */,
			);
			path = Assets;
			sourceTree = "<group>";
		};
		1F7C86A32C0781DB001BFCBD /* Extensions */ = {
			isa = PBXGroup;
			children = (
				1F7C86A92C0781DB001BFCBD /* Color.swift */,
			);
			path = Extensions;
			sourceTree = "<group>";
		};
		1FFFFC452C08D7C500BE791F /* Core */ = {
			isa = PBXGroup;
			children = (
				1FFFFC4B2C08DA4900BE791F /* Components */,
				1FFFFC462C08D7E200BE791F /* Home */,
			);
			path = Core;
			sourceTree = "<group>";
		};
		1FFFFC462C08D7E200BE791F /* Home */ = {
			isa = PBXGroup;
			children = (
				1FFFFC482C08D80600BE791F /* ViewModels */,
				1FFFFC472C08D7FC00BE791F /* Views */,
			);
			path = Home;
			sourceTree = "<group>";
		};
		1FFFFC472C08D7FC00BE791F /* Views */ = {
			isa = PBXGroup;
			children = (
				1FFFFC492C08D82400BE791F /* HomeView.swift */,
			);
			path = Views;
			sourceTree = "<group>";
		};
		1FFFFC482C08D80600BE791F /* ViewModels */ = {
			isa = PBXGroup;
			children = (
			);
			path = ViewModels;
			sourceTree = "<group>";
		};
		1FFFFC4B2C08DA4900BE791F /* Components */ = {
			isa = PBXGroup;
			children = (
				1FFFFC4C2C08DA6A00BE791F /* CircleButtons */,
			);
			path = Components;
			sourceTree = "<group>";
		};
		1FFFFC4C2C08DA6A00BE791F /* CircleButtons */ = {
			isa = PBXGroup;
			children = (
				1FFFFC4D2C08DA8100BE791F /* CircleButtonView.swift */,
				1FFFFC4F2C08DF3500BE791F /* CircleButtonAnimationView.swift */,
			);
			path = CircleButtons;
			sourceTree = "<group>";
		};
/* End PBXGroup section */

/* Begin PBXNativeTarget section */
		1F7C868B2C077E45001BFCBD /* CrptoApp */ = {
			isa = PBXNativeTarget;
			buildConfigurationList = 1F7C869A2C077E5D001BFCBD /* Build configuration list for PBXNativeTarget "CrptoApp" */;
			buildPhases = (
				1F7C86882C077E45001BFCBD /* Sources */,
				1F7C86892C077E45001BFCBD /* Frameworks */,
				1F7C868A2C077E45001BFCBD /* Resources */,
			);
			buildRules = (
			);
			dependencies = (
			);
			name = CrptoApp;
			productName = CrptoApp;
			productReference = 1F7C868C2C077E45001BFCBD /* Crpto.app */;
			productType = "com.apple.product-type.application";
		};
/* End PBXNativeTarget section */

/* Begin PBXProject section */
		1F7C86842C077E45001BFCBD /* Project object */ = {
			isa = PBXProject;
			attributes = {
				BuildIndependentTargetsInParallel = 1;
				LastSwiftUpdateCheck = 1300;
				LastUpgradeCheck = 1300;
				TargetAttributes = {
					1F7C868B2C077E45001BFCBD = {
						CreatedOnToolsVersion = 13.0;
					};
				};
			};
			buildConfigurationList = 1F7C86872C077E45001BFCBD /* Build configuration list for PBXProject "CrptoApp" */;
			compatibilityVersion = "Xcode 13.0";
			developmentRegion = en;
			hasScannedForEncodings = 0;
			knownRegions = (
				en,
				Base,
			);
			mainGroup = 1F7C86832C077E45001BFCBD;
			productRefGroup = 1F7C868D2C077E45001BFCBD /* Products */;
			projectDirPath = "";
			projectRoot = "";
			targets = (
				1F7C868B2C077E45001BFCBD /* CrptoApp */,
			);
		};
/* End PBXProject section */

/* Begin PBXResourcesBuildPhase section */
		1F7C868A2C077E45001BFCBD /* Resources */ = {
			isa = PBXResourcesBuildPhase;
			buildActionMask = 2147483647;
			files = (
				1F7C86A22C078083001BFCBD /* Assets.xcassets in Resources */,
				1F7C86972C077E5D001BFCBD /* Preview Assets.xcassets in Resources */,
			);
			runOnlyForDeploymentPostprocessing = 0;
		};
/* End PBXResourcesBuildPhase section */

/* Begin PBXSourcesBuildPhase section */
		1F7C86882C077E45001BFCBD /* Sources */ = {
			isa = PBXSourcesBuildPhase;
			buildActionMask = 2147483647;
			files = (
				1F7C86902C077E45001BFCBD /* CrptoAppApp.swift in Sources */,
				1F7C86AF2C0781DB001BFCBD /* Color.swift in Sources */,
				1FFFFC502C08DF3500BE791F /* CircleButtonAnimationView.swift in Sources */,
				1FFFFC4E2C08DA8100BE791F /* CircleButtonView.swift in Sources */,
				1FFFFC4A2C08D82400BE791F /* HomeView.swift in Sources */,
			);
			runOnlyForDeploymentPostprocessing = 0;
		};
/* End PBXSourcesBuildPhase section */

/* Begin XCBuildConfiguration section */
		1F7C86982C077E5D001BFCBD /* Debug */ = {
			isa = XCBuildConfiguration;
			buildSettings = {
				ALWAYS_SEARCH_USER_PATHS = NO;
				CLANG_ANALYZER_NONNULL = YES;
				CLANG_ANALYZER_NUMBER_OBJECT_CONVERSION = YES_AGGRESSIVE;
				CLANG_CXX_LANGUAGE_STANDARD = "gnu++17";
				CLANG_CXX_LIBRARY = "libc++";
				CLANG_ENABLE_MODULES = YES;
				CLANG_ENABLE_OBJC_ARC = YES;
				CLANG_ENABLE_OBJC_WEAK = YES;
				CLANG_WARN_BLOCK_CAPTURE_AUTORELEASING = YES;
				CLANG_WARN_BOOL_CONVERSION = YES;
				CLANG_WARN_COMMA = YES;
				CLANG_WARN_CONSTANT_CONVERSION = YES;
				CLANG_WARN_DEPRECATED_OBJC_IMPLEMENTATIONS = YES;
				CLANG_WARN_DIRECT_OBJC_ISA_USAGE = YES_ERROR;
				CLANG_WARN_DOCUMENTATION_COMMENTS = YES;
				CLANG_WARN_EMPTY_BODY = YES;
				CLANG_WARN_ENUM_CONVERSION = YES;
				CLANG_WARN_INFINITE_RECURSION = YES;
				CLANG_WARN_INT_CONVERSION = YES;
				CLANG_WARN_NON_LITERAL_NULL_CONVERSION = YES;
				CLANG_WARN_OBJC_IMPLICIT_RETAIN_SELF = YES;
				CLANG_WARN_OBJC_LITERAL_CONVERSION = YES;
				CLANG_WARN_OBJC_ROOT_CLASS = YES_ERROR;
				CLANG_WARN_QUOTED_INCLUDE_IN_FRAMEWORK_HEADER = YES;
				CLANG_WARN_RANGE_LOOP_ANALYSIS = YES;
				CLANG_WARN_STRICT_PROTOTYPES = YES;
				CLANG_WARN_SUSPICIOUS_MOVE = YES;
				CLANG_WARN_UNGUARDED_AVAILABILITY = YES_AGGRESSIVE;
				CLANG_WARN_UNREACHABLE_CODE = YES;
				CLANG_WARN__DUPLICATE_METHOD_MATCH = YES;
				COPY_PHASE_STRIP = NO;
				DEBUG_INFORMATION_FORMAT = dwarf;
				ENABLE_STRICT_OBJC_MSGSEND = YES;
				ENABLE_TESTABILITY = YES;
				GCC_C_LANGUAGE_STANDARD = gnu11;
				GCC_DYNAMIC_NO_PIC = NO;
				GCC_NO_COMMON_BLOCKS = YES;
				GCC_OPTIMIZATION_LEVEL = 0;
				GCC_PREPROCESSOR_DEFINITIONS = (
					"DEBUG=1",
					"$(inherited)",
				);
				GCC_WARN_64_TO_32_BIT_CONVERSION = YES;
				GCC_WARN_ABOUT_RETURN_TYPE = YES_ERROR;
				GCC_WARN_UNDECLARED_SELECTOR = YES;
				GCC_WARN_UNINITIALIZED_AUTOS = YES_AGGRESSIVE;
				GCC_WARN_UNUSED_FUNCTION = YES;
				GCC_WARN_UNUSED_VARIABLE = YES;
				IPHONEOS_DEPLOYMENT_TARGET = 15.0;
				MTL_ENABLE_DEBUG_INFO = INCLUDE_SOURCE;
				MTL_FAST_MATH = YES;
				ONLY_ACTIVE_ARCH = YES;
				SDKROOT = iphoneos;
				SWIFT_ACTIVE_COMPILATION_CONDITIONS = DEBUG;
				SWIFT_OPTIMIZATION_LEVEL = "-Onone";
			};
			name = Debug;
		};
		1F7C86992C077E5D001BFCBD /* Release */ = {
			isa = XCBuildConfiguration;
			buildSettings = {
				ALWAYS_SEARCH_USER_PATHS = NO;
				CLANG_ANALYZER_NONNULL = YES;
				CLANG_ANALYZER_NUMBER_OBJECT_CONVERSION = YES_AGGRESSIVE;
				CLANG_CXX_LANGUAGE_STANDARD = "gnu++17";
				CLANG_CXX_LIBRARY = "libc++";
				CLANG_ENABLE_MODULES = YES;
				CLANG_ENABLE_OBJC_ARC = YES;
				CLANG_ENABLE_OBJC_WEAK = YES;
				CLANG_WARN_BLOCK_CAPTURE_AUTORELEASING = YES;
				CLANG_WARN_BOOL_CONVERSION = YES;
				CLANG_WARN_COMMA = YES;
				CLANG_WARN_CONSTANT_CONVERSION = YES;
				CLANG_WARN_DEPRECATED_OBJC_IMPLEMENTATIONS = YES;
				CLANG_WARN_DIRECT_OBJC_ISA_USAGE = YES_ERROR;
				CLANG_WARN_DOCUMENTATION_COMMENTS = YES;
				CLANG_WARN_EMPTY_BODY = YES;
				CLANG_WARN_ENUM_CONVERSION = YES;
				CLANG_WARN_INFINITE_RECURSION = YES;
				CLANG_WARN_INT_CONVERSION = YES;
				CLANG_WARN_NON_LITERAL_NULL_CONVERSION = YES;
				CLANG_WARN_OBJC_IMPLICIT_RETAIN_SELF = YES;
				CLANG_WARN_OBJC_LITERAL_CONVERSION = YES;
				CLANG_WARN_OBJC_ROOT_CLASS = YES_ERROR;
				CLANG_WARN_QUOTED_INCLUDE_IN_FRAMEWORK_HEADER = YES;
				CLANG_WARN_RANGE_LOOP_ANALYSIS = YES;
				CLANG_WARN_STRICT_PROTOTYPES = YES;
				CLANG_WARN_SUSPICIOUS_MOVE = YES;
				CLANG_WARN_UNGUARDED_AVAILABILITY = YES_AGGRESSIVE;
				CLANG_WARN_UNREACHABLE_CODE = YES;
				CLANG_WARN__DUPLICATE_METHOD_MATCH = YES;
				COPY_PHASE_STRIP = NO;
				DEBUG_INFORMATION_FORMAT = "dwarf-with-dsym";
				ENABLE_NS_ASSERTIONS = NO;
				ENABLE_STRICT_OBJC_MSGSEND = YES;
				GCC_C_LANGUAGE_STANDARD = gnu11;
				GCC_NO_COMMON_BLOCKS = YES;
				GCC_WARN_64_TO_32_BIT_CONVERSION = YES;
				GCC_WARN_ABOUT_RETURN_TYPE = YES_ERROR;
				GCC_WARN_UNDECLARED_SELECTOR = YES;
				GCC_WARN_UNINITIALIZED_AUTOS = YES_AGGRESSIVE;
				GCC_WARN_UNUSED_FUNCTION = YES;
				GCC_WARN_UNUSED_VARIABLE = YES;
				IPHONEOS_DEPLOYMENT_TARGET = 15.0;
				MTL_ENABLE_DEBUG_INFO = NO;
				MTL_FAST_MATH = YES;
				SDKROOT = iphoneos;
				SWIFT_COMPILATION_MODE = wholemodule;
				SWIFT_OPTIMIZATION_LEVEL = "-O";
				VALIDATE_PRODUCT = YES;
			};
			name = Release;
		};
		1F7C869B2C077E5D001BFCBD /* Debug */ = {
			isa = XCBuildConfiguration;
			buildSettings = {
				ASSETCATALOG_COMPILER_APPICON_NAME = AppIcon;
				ASSETCATALOG_COMPILER_GLOBAL_ACCENT_COLOR_NAME = AccentColor;
				CODE_SIGN_STYLE = Automatic;
				CURRENT_PROJECT_VERSION = 1;
				DEVELOPMENT_ASSET_PATHS = "\"CrptoApp/Preview Content\"";
				DEVELOPMENT_TEAM = RYNS47QW35;
				ENABLE_PREVIEWS = YES;
				GENERATE_INFOPLIST_FILE = YES;
				INFOPLIST_KEY_UIApplicationSceneManifest_Generation = YES;
				INFOPLIST_KEY_UIApplicationSupportsIndirectInputEvents = YES;
				INFOPLIST_KEY_UILaunchScreen_Generation = YES;
				INFOPLIST_KEY_UISupportedInterfaceOrientations = UIInterfaceOrientationPortrait;
				INFOPLIST_KEY_UISupportedInterfaceOrientations_iPad = "UIInterfaceOrientationPortrait UIInterfaceOrientationPortraitUpsideDown UIInterfaceOrientationLandscapeLeft UIInterfaceOrientationLandscapeRight";
				INFOPLIST_KEY_UISupportedInterfaceOrientations_iPhone = "UIInterfaceOrientationPortrait UIInterfaceOrientationLandscapeLeft UIInterfaceOrientationLandscapeRight";
				IPHONEOS_DEPLOYMENT_TARGET = 15.0;
				LD_RUNPATH_SEARCH_PATHS = (
					"$(inherited)",
					"@executable_path/Frameworks",
				);
				MARKETING_VERSION = 1.0;
				PRODUCT_BUNDLE_IDENTIFIER = Reapmind.CrptoApp;
				PRODUCT_NAME = Crpto;
				SWIFT_EMIT_LOC_STRINGS = YES;
				SWIFT_VERSION = 5.0;
				TARGETED_DEVICE_FAMILY = "1,2";
			};
			name = Debug;
		};
		1F7C869C2C077E5D001BFCBD /* Release */ = {
			isa = XCBuildConfiguration;
			buildSettings = {
				ASSETCATALOG_COMPILER_APPICON_NAME = AppIcon;
				ASSETCATALOG_COMPILER_GLOBAL_ACCENT_COLOR_NAME = AccentColor;
				CODE_SIGN_STYLE = Automatic;
				CURRENT_PROJECT_VERSION = 1;
				DEVELOPMENT_ASSET_PATHS = "\"CrptoApp/Preview Content\"";
				DEVELOPMENT_TEAM = RYNS47QW35;
				ENABLE_PREVIEWS = YES;
				GENERATE_INFOPLIST_FILE = YES;
				INFOPLIST_KEY_UIApplicationSceneManifest_Generation = YES;
				INFOPLIST_KEY_UIApplicationSupportsIndirectInputEvents = YES;
				INFOPLIST_KEY_UILaunchScreen_Generation = YES;
				INFOPLIST_KEY_UISupportedInterfaceOrientations = UIInterfaceOrientationPortrait;
				INFOPLIST_KEY_UISupportedInterfaceOrientations_iPad = "UIInterfaceOrientationPortrait UIInterfaceOrientationPortraitUpsideDown UIInterfaceOrientationLandscapeLeft UIInterfaceOrientationLandscapeRight";
				INFOPLIST_KEY_UISupportedInterfaceOrientations_iPhone = "UIInterfaceOrientationPortrait UIInterfaceOrientationLandscapeLeft UIInterfaceOrientationLandscapeRight";
				IPHONEOS_DEPLOYMENT_TARGET = 15.0;
				LD_RUNPATH_SEARCH_PATHS = (
					"$(inherited)",
					"@executable_path/Frameworks",
				);
				MARKETING_VERSION = 1.0;
				PRODUCT_BUNDLE_IDENTIFIER = Reapmind.CrptoApp;
				PRODUCT_NAME = Crpto;
				SWIFT_EMIT_LOC_STRINGS = YES;
				SWIFT_VERSION = 5.0;
				TARGETED_DEVICE_FAMILY = "1,2";
			};
			name = Release;
		};
/* End XCBuildConfiguration section */

/* Begin XCConfigurationList section */
		1F7C86872C077E45001BFCBD /* Build configuration list for PBXProject "CrptoApp" */ = {
			isa = XCConfigurationList;
			buildConfigurations = (
				1F7C86982C077E5D001BFCBD /* Debug */,
				1F7C86992C077E5D001BFCBD /* Release */,
			);
			defaultConfigurationIsVisible = 0;
			defaultConfigurationName = Release;
		};
		1F7C869A2C077E5D001BFCBD /* Build configuration list for PBXNativeTarget "CrptoApp" */ = {
			isa = XCConfigurationList;
			buildConfigurations = (
				1F7C869B2C077E5D001BFCBD /* Debug */,
				1F7C869C2C077E5D001BFCBD /* Release */,
			);
			defaultConfigurationIsVisible = 0;
			defaultConfigurationName = Release;
		};
/* End XCConfigurationList section */
	};
	rootObject = 1F7C86842C077E45001BFCBD /* Project object */;
}
